
Microsoft Visual Studio Solution File, Format Version 12.00
# Visual Studio Version 17
VisualStudioVersion = 17.0.31611.283
MinimumVisualStudioVersion = 10.0.40219.1
Project("{9A19103F-16F7-4668-BE54-9A1E7A4F7556}") = "HSAT", "HSAT\HSAT.csproj", "{7E048275-2BC5-4959-B29F-21042325E996}"
EndProject
Project("{FAE04EC0-301F-11D3-BF4B-00C04F79EFBC}") = "HSAT.Core", "HSAT.Core\HSAT.Core.csproj", "{4EA3B12C-880B-494E-8C72-3919F37053AE}"
EndProject
Project("{FAE04EC0-301F-11D3-BF4B-00C04F79EFBC}") = "HSAT.DataAccess", "HSAT.DataAccess\HSAT.DataAccess.csproj", "{FE17DCD0-F7CB-4FBF-920D-87A12E03BDF3}"
EndProject
Global
	GlobalSection(SolutionConfigurationPlatforms) = preSolution
		Debug|Any CPU = Debug|Any CPU
		Release|Any CPU = Release|Any CPU
	EndGlobalSection
	GlobalSection(ProjectConfigurationPlatforms) = postSolution
		{7E048275-2BC5-4959-B29F-21042325E996}.Debug|Any CPU.ActiveCfg = Debug|Any CPU
		{7E048275-2BC5-4959-B29F-21042325E996}.Debug|Any CPU.Build.0 = Debug|Any CPU
		{7E048275-2BC5-4959-B29F-21042325E996}.Debug|Any CPU.Deploy.0 = Debug|Any CPU
		{7E048275-2BC5-4959-B29F-21042325E996}.Release|Any CPU.ActiveCfg = Release|Any CPU
		{7E048275-2BC5-4959-B29F-21042325E996}.Release|Any CPU.Build.0 = Release|Any CPU
		{7E048275-2BC5-4959-B29F-21042325E996}.Release|Any CPU.Deploy.0 = Release|Any CPU
		{4EA3B12C-880B-494E-8C72-3919F37053AE}.Debug|Any CPU.ActiveCfg = Debug|Any CPU
		{4EA3B12C-880B-494E-8C72-3919F37053AE}.Debug|Any CPU.Build.0 = Debug|Any CPU
		{4EA3B12C-880B-494E-8C72-3919F37053AE}.Release|Any CPU.ActiveCfg = Release|Any CPU
		{4EA3B12C-880B-494E-8C72-3919F37053AE}.Release|Any CPU.Build.0 = Release|Any CPU
		{FE17DCD0-F7CB-4FBF-920D-87A12E03BDF3}.Debug|Any CPU.ActiveCfg = Debug|Any CPU
		{FE17DCD0-F7CB-4FBF-920D-87A12E03BDF3}.Debug|Any CPU.Build.0 = Debug|Any CPU
		{FE17DCD0-F7CB-4FBF-920D-87A12E03BDF3}.Release|Any CPU.ActiveCfg = Release|Any CPU
		{FE17DCD0-F7CB-4FBF-920D-87A12E03BDF3}.Release|Any CPU.Build.0 = Release|Any CPU
	EndGlobalSection
	GlobalSection(SolutionProperties) = preSolution
		HideSolutionNode = FALSE
	EndGlobalSection
	GlobalSection(ExtensibilityGlobals) = postSolution
		SolutionGuid = {61F7FB11-1E47-470C-91E2-47F8143E1572}
	EndGlobalSection
EndGlobal
