
Microsoft Visual Studio Solution File, Format Version 12.00
# Visual Studio Version 17
VisualStudioVersion = 17.14.36017.23
MinimumVisualStudioVersion = 10.0.40219.1
Project("{FAE04EC0-301F-11D3-BF4B-00C04F79EFBC}") = "HyperionAP.UI.Server", "HyperionAP.UI.Server\HyperionAP.UI.Server.csproj", "{E17ECC6B-7105-44A6-B4A6-B9E4651C2B3D}"
EndProject
Project("{FAE04EC0-301F-11D3-BF4B-00C04F79EFBC}") = "HyperionAP.Data.Gdal", "HyperionAP.Data.Gdal\HyperionAP.Data.Gdal.csproj", "{0F1965EF-45A1-4254-9987-CAA0FDFFD586}"
EndProject
Global
	GlobalSection(SolutionConfigurationPlatforms) = preSolution
		Debug|Any CPU = Debug|Any CPU
		Release|Any CPU = Release|Any CPU
	EndGlobalSection
	GlobalSection(ProjectConfigurationPlatforms) = postSolution
		{E17ECC6B-7105-44A6-B4A6-B9E4651C2B3D}.Debug|Any CPU.ActiveCfg = Debug|Any CPU
		{E17ECC6B-7105-44A6-B4A6-B9E4651C2B3D}.Debug|Any CPU.Build.0 = Debug|Any CPU
		{E17ECC6B-7105-44A6-B4A6-B9E4651C2B3D}.Release|Any CPU.ActiveCfg = Release|Any CPU
		{E17ECC6B-7105-44A6-B4A6-B9E4651C2B3D}.Release|Any CPU.Build.0 = Release|Any CPU
		{0F1965EF-45A1-4254-9987-CAA0FDFFD586}.Debug|Any CPU.ActiveCfg = Debug|Any CPU
		{0F1965EF-45A1-4254-9987-CAA0FDFFD586}.Debug|Any CPU.Build.0 = Debug|Any CPU
		{0F1965EF-45A1-4254-9987-CAA0FDFFD586}.Release|Any CPU.ActiveCfg = Release|Any CPU
		{0F1965EF-45A1-4254-9987-CAA0FDFFD586}.Release|Any CPU.Build.0 = Release|Any CPU
	EndGlobalSection
	GlobalSection(SolutionProperties) = preSolution
		HideSolutionNode = FALSE
	EndGlobalSection
	GlobalSection(ExtensibilityGlobals) = postSolution
		SolutionGuid = {55364242-449C-4305-AC0F-B23B28A4886F}
	EndGlobalSection
EndGlobal
